
Microsoft Visual Studio Solution File, Format Version 12.00
# Visual Studio Version 17
VisualStudioVersion = 17.9.34622.214
MinimumVisualStudioVersion = 10.0.40219.1
Project("{FAE04EC0-301F-11D3-BF4B-00C04F79EFBC}") = "HM-access_code_randomize", "HM-access_code_randomize\HM-access_code_randomize.csproj", "{9DBF3ECF-4E04-4F62-A2F0-D5BB00DFCFC4}"
EndProject
Global
	GlobalSection(SolutionConfigurationPlatforms) = preSolution
		Debug|Any CPU = Debug|Any CPU
		Release|Any CPU = Release|Any CPU
	EndGlobalSection
	GlobalSection(ProjectConfigurationPlatforms) = postSolution
		{9DBF3ECF-4E04-4F62-A2F0-D5BB00DFCFC4}.Debug|Any CPU.ActiveCfg = Debug|Any CPU
		{9DBF3ECF-4E04-4F62-A2F0-D5BB00DFCFC4}.Debug|Any CPU.Build.0 = Debug|Any CPU
		{9DBF3ECF-4E04-4F62-A2F0-D5BB00DFCFC4}.Release|Any CPU.ActiveCfg = Release|Any CPU
		{9DBF3ECF-4E04-4F62-A2F0-D5BB00DFCFC4}.Release|Any CPU.Build.0 = Release|Any CPU
	EndGlobalSection
	GlobalSection(SolutionProperties) = preSolution
		HideSolutionNode = FALSE
	EndGlobalSection
	GlobalSection(ExtensibilityGlobals) = postSolution
		SolutionGuid = {C72BF236-BBC0-4664-A2C2-F7BF88150E7A}
	EndGlobalSection
EndGlobal
